
Microsoft Visual Studio Solution File, Format Version 12.00
# Visual Studio Version 16
VisualStudioVersion = 16.0.33801.447
MinimumVisualStudioVersion = 10.0.40219.1
Project("{8BC9CEB8-8B4A-11D0-8D11-00A0C91BC942}") = "maximum_manhattan_distance", "maximum_manhattan_distance\maximum_manhattan_distance.vcxproj", "{A51F6EE2-0196-4B64-AE7C-6A51C3953EDA}"
EndProject
Global
	GlobalSection(SolutionConfigurationPlatforms) = preSolution
		Debug|x64 = Debug|x64
		Debug|x86 = Debug|x86
		Release|x64 = Release|x64
		Release|x86 = Release|x86
	EndGlobalSection
	GlobalSection(ProjectConfigurationPlatforms) = postSolution
		{A51F6EE2-0196-4B64-AE7C-6A51C3953EDA}.Debug|x64.ActiveCfg = Debug|x64
		{A51F6EE2-0196-4B64-AE7C-6A51C3953EDA}.Debug|x64.Build.0 = Debug|x64
		{A51F6EE2-0196-4B64-AE7C-6A51C3953EDA}.Debug|x86.ActiveCfg = Debug|Win32
		{A51F6EE2-0196-4B64-AE7C-6A51C3953EDA}.Debug|x86.Build.0 = Debug|Win32
		{A51F6EE2-0196-4B64-AE7C-6A51C3953EDA}.Release|x64.ActiveCfg = Release|x64
		{A51F6EE2-0196-4B64-AE7C-6A51C3953EDA}.Release|x64.Build.0 = Release|x64
		{A51F6EE2-0196-4B64-AE7C-6A51C3953EDA}.Release|x86.ActiveCfg = Release|Win32
		{A51F6EE2-0196-4B64-AE7C-6A51C3953EDA}.Release|x86.Build.0 = Release|Win32
	EndGlobalSection
	GlobalSection(SolutionProperties) = preSolution
		HideSolutionNode = FALSE
	EndGlobalSection
	GlobalSection(ExtensibilityGlobals) = postSolution
		SolutionGuid = {533E3EA1-DCEB-4C2F-B2B7-5398162534EA}
	EndGlobalSection
EndGlobal
