
Microsoft Visual Studio Solution File, Format Version 12.00
# Visual Studio Version 16
VisualStudioVersion = 16.0.33801.447
MinimumVisualStudioVersion = 10.0.40219.1
Project("{8BC9CEB8-8B4A-11D0-8D11-00A0C91BC942}") = "wooden_bridge", "wooden_bridge\wooden_bridge.vcxproj", "{AEC81B62-CEFB-48EB-AA1B-E9A6EE89A20E}"
EndProject
Global
	GlobalSection(SolutionConfigurationPlatforms) = preSolution
		Debug|x64 = Debug|x64
		Debug|x86 = Debug|x86
		Release|x64 = Release|x64
		Release|x86 = Release|x86
	EndGlobalSection
	GlobalSection(ProjectConfigurationPlatforms) = postSolution
		{AEC81B62-CEFB-48EB-AA1B-E9A6EE89A20E}.Debug|x64.ActiveCfg = Debug|x64
		{AEC81B62-CEFB-48EB-AA1B-E9A6EE89A20E}.Debug|x64.Build.0 = Debug|x64
		{AEC81B62-CEFB-48EB-AA1B-E9A6EE89A20E}.Debug|x86.ActiveCfg = Debug|Win32
		{AEC81B62-CEFB-48EB-AA1B-E9A6EE89A20E}.Debug|x86.Build.0 = Debug|Win32
		{AEC81B62-CEFB-48EB-AA1B-E9A6EE89A20E}.Release|x64.ActiveCfg = Release|x64
		{AEC81B62-CEFB-48EB-AA1B-E9A6EE89A20E}.Release|x64.Build.0 = Release|x64
		{AEC81B62-CEFB-48EB-AA1B-E9A6EE89A20E}.Release|x86.ActiveCfg = Release|Win32
		{AEC81B62-CEFB-48EB-AA1B-E9A6EE89A20E}.Release|x86.Build.0 = Release|Win32
	EndGlobalSection
	GlobalSection(SolutionProperties) = preSolution
		HideSolutionNode = FALSE
	EndGlobalSection
	GlobalSection(ExtensibilityGlobals) = postSolution
		SolutionGuid = {D9E1835B-9CB6-4443-88C1-4FBED47C906D}
	EndGlobalSection
EndGlobal
